# This file was autogenerated by Stack.
# You should not edit this file by hand.
# For more information, please see the documentation at:
#   https://docs.haskellstack.org/en/stable/lock_files

packages:
- completed:
    hackage: within-0.0.1.0@sha256:6e79af2d365fa98bc892ec844d2adf45446040882d6ecfe5d94533baa159681c,955
    pantry-tree:
      size: 303
      sha256: 81c6ad9797072303a5f770e16c0065d32bc828d5c4b9c550de626fc858ddf7c3
  original:
    hackage: within-0.0.1.0
snapshots:
- completed:
    size: 493124
    url: https://raw.githubusercontent.com/commercialhaskell/stackage-snapshots/master/lts/15/10.yaml
    sha256: 48bc6d1d59224a5166265ef6cdda6a512f29ecc8ef7331826312b82377e89507
  original: lts-15.10
